
Microsoft Visual Studio Solution File, Format Version 12.00
# Visual Studio Version 17
VisualStudioVersion = 17.11.35303.130
MinimumVisualStudioVersion = 10.0.40219.1
Project("{9A19103F-16F7-4668-BE54-9A1E7A4F7556}") = "FrituurAllRelationships", "FrituurAllRelationships\FrituurAllRelationships.csproj", "{F62F6E21-24F8-4324-93F2-3D56077ED26D}"
EndProject
Project("{FAE04EC0-301F-11D3-BF4B-00C04F79EFBC}") = "FrituurAllRelationshipsAPI", "FrituurAllRelationshipsAPI\FrituurAllRelationshipsAPI.csproj", "{9C5CC634-3069-4C4F-A7C5-CE1A50E76BF6}"
EndProject
Global
	GlobalSection(SolutionConfigurationPlatforms) = preSolution
		Debug|Any CPU = Debug|Any CPU
		Release|Any CPU = Release|Any CPU
	EndGlobalSection
	GlobalSection(ProjectConfigurationPlatforms) = postSolution
		{F62F6E21-24F8-4324-93F2-3D56077ED26D}.Debug|Any CPU.ActiveCfg = Debug|Any CPU
		{F62F6E21-24F8-4324-93F2-3D56077ED26D}.Debug|Any CPU.Build.0 = Debug|Any CPU
		{F62F6E21-24F8-4324-93F2-3D56077ED26D}.Release|Any CPU.ActiveCfg = Release|Any CPU
		{F62F6E21-24F8-4324-93F2-3D56077ED26D}.Release|Any CPU.Build.0 = Release|Any CPU
		{9C5CC634-3069-4C4F-A7C5-CE1A50E76BF6}.Debug|Any CPU.ActiveCfg = Debug|Any CPU
		{9C5CC634-3069-4C4F-A7C5-CE1A50E76BF6}.Debug|Any CPU.Build.0 = Debug|Any CPU
		{9C5CC634-3069-4C4F-A7C5-CE1A50E76BF6}.Release|Any CPU.ActiveCfg = Release|Any CPU
		{9C5CC634-3069-4C4F-A7C5-CE1A50E76BF6}.Release|Any CPU.Build.0 = Release|Any CPU
	EndGlobalSection
	GlobalSection(SolutionProperties) = preSolution
		HideSolutionNode = FALSE
	EndGlobalSection
	GlobalSection(ExtensibilityGlobals) = postSolution
		SolutionGuid = {0C64B0F9-FD7C-495C-968C-4145CDFBE3BB}
	EndGlobalSection
EndGlobal
